
Microsoft Visual Studio Solution File, Format Version 12.00
Project("{FAE04EC0-301F-11D3-BF4B-00C04F79EFBC}") = "PeopleModule", "PeopleModule\PeopleModule.csproj", "{9FE80442-21F8-4F7E-A660-D8523B3BC7D6}"
EndProject
Project("{FAE04EC0-301F-11D3-BF4B-00C04F79EFBC}") = "VehicleModule", "VehicleModule\VehicleModule.csproj", "{F486174F-373E-4762-BEAF-189BAF6A9032}"
EndProject
Project("{2150E333-8FDC-42A3-9474-1A3956D46DE8}") = "Features", "Features", "{F839B321-759C-462E-ABAC-17352E250E40}"
EndProject
Project("{FAE04EC0-301F-11D3-BF4B-00C04F79EFBC}") = "VehicleModule.Contracts", "VehicleModule.Contracts\VehicleModule.Contracts.csproj", "{D13B895F-7EEA-4EF3-B1E2-42DB8DF6EB21}"
EndProject
Project("{FAE04EC0-301F-11D3-BF4B-00C04F79EFBC}") = "PeopleModule.Contracts", "PeopleModule.Contracts\PeopleModule.Contracts.csproj", "{5A8316D1-FC34-426B-8703-120B7F99F1F0}"
EndProject
Project("{FAE04EC0-301F-11D3-BF4B-00C04F79EFBC}") = "TheApp", "TheApp\TheApp.csproj", "{B06FCA77-539D-4863-8036-60FC4EDCF399}"
EndProject
Project("{FAE04EC0-301F-11D3-BF4B-00C04F79EFBC}") = "SharedLib", "SharedLib\SharedLib.csproj", "{CD0380E2-AF92-483F-84A9-C755BCB30207}"
EndProject
Project("{2150E333-8FDC-42A3-9474-1A3956D46DE8}") = "Solution", "Solution", "{0FDBF9FA-D959-480B-9ECE-562452B70A24}"
	ProjectSection(SolutionItems) = preProject
		Directory.build.props = Directory.build.props
		Directory.build.targets = Directory.build.targets
		README.md = README.md
	EndProjectSection
EndProject
Global
	GlobalSection(SolutionConfigurationPlatforms) = preSolution
		Debug|Any CPU = Debug|Any CPU
		Release|Any CPU = Release|Any CPU
	EndGlobalSection
	GlobalSection(ProjectConfigurationPlatforms) = postSolution
		{9FE80442-21F8-4F7E-A660-D8523B3BC7D6}.Debug|Any CPU.ActiveCfg = Debug|Any CPU
		{9FE80442-21F8-4F7E-A660-D8523B3BC7D6}.Debug|Any CPU.Build.0 = Debug|Any CPU
		{9FE80442-21F8-4F7E-A660-D8523B3BC7D6}.Release|Any CPU.ActiveCfg = Release|Any CPU
		{9FE80442-21F8-4F7E-A660-D8523B3BC7D6}.Release|Any CPU.Build.0 = Release|Any CPU
		{F486174F-373E-4762-BEAF-189BAF6A9032}.Debug|Any CPU.ActiveCfg = Debug|Any CPU
		{F486174F-373E-4762-BEAF-189BAF6A9032}.Debug|Any CPU.Build.0 = Debug|Any CPU
		{F486174F-373E-4762-BEAF-189BAF6A9032}.Release|Any CPU.ActiveCfg = Release|Any CPU
		{F486174F-373E-4762-BEAF-189BAF6A9032}.Release|Any CPU.Build.0 = Release|Any CPU
		{D13B895F-7EEA-4EF3-B1E2-42DB8DF6EB21}.Debug|Any CPU.ActiveCfg = Debug|Any CPU
		{D13B895F-7EEA-4EF3-B1E2-42DB8DF6EB21}.Debug|Any CPU.Build.0 = Debug|Any CPU
		{D13B895F-7EEA-4EF3-B1E2-42DB8DF6EB21}.Release|Any CPU.ActiveCfg = Release|Any CPU
		{D13B895F-7EEA-4EF3-B1E2-42DB8DF6EB21}.Release|Any CPU.Build.0 = Release|Any CPU
		{5A8316D1-FC34-426B-8703-120B7F99F1F0}.Debug|Any CPU.ActiveCfg = Debug|Any CPU
		{5A8316D1-FC34-426B-8703-120B7F99F1F0}.Debug|Any CPU.Build.0 = Debug|Any CPU
		{5A8316D1-FC34-426B-8703-120B7F99F1F0}.Release|Any CPU.ActiveCfg = Release|Any CPU
		{5A8316D1-FC34-426B-8703-120B7F99F1F0}.Release|Any CPU.Build.0 = Release|Any CPU
		{B06FCA77-539D-4863-8036-60FC4EDCF399}.Debug|Any CPU.ActiveCfg = Debug|Any CPU
		{B06FCA77-539D-4863-8036-60FC4EDCF399}.Debug|Any CPU.Build.0 = Debug|Any CPU
		{B06FCA77-539D-4863-8036-60FC4EDCF399}.Release|Any CPU.ActiveCfg = Release|Any CPU
		{B06FCA77-539D-4863-8036-60FC4EDCF399}.Release|Any CPU.Build.0 = Release|Any CPU
		{CD0380E2-AF92-483F-84A9-C755BCB30207}.Debug|Any CPU.ActiveCfg = Debug|Any CPU
		{CD0380E2-AF92-483F-84A9-C755BCB30207}.Debug|Any CPU.Build.0 = Debug|Any CPU
		{CD0380E2-AF92-483F-84A9-C755BCB30207}.Release|Any CPU.ActiveCfg = Release|Any CPU
		{CD0380E2-AF92-483F-84A9-C755BCB30207}.Release|Any CPU.Build.0 = Release|Any CPU
	EndGlobalSection
	GlobalSection(NestedProjects) = preSolution
		{9FE80442-21F8-4F7E-A660-D8523B3BC7D6} = {F839B321-759C-462E-ABAC-17352E250E40}
		{F486174F-373E-4762-BEAF-189BAF6A9032} = {F839B321-759C-462E-ABAC-17352E250E40}
		{D13B895F-7EEA-4EF3-B1E2-42DB8DF6EB21} = {F839B321-759C-462E-ABAC-17352E250E40}
		{5A8316D1-FC34-426B-8703-120B7F99F1F0} = {F839B321-759C-462E-ABAC-17352E250E40}
	EndGlobalSection
EndGlobal
